{
  "name": "intercomswap",
  "version": "1.0.0",
  "lockfileVersion": 3,
  "requires": true,
  "packages": {
    "": {
      "name": "intercomswap",
      "version": "1.0.0",
      "license": "MIT",
      "devDependencies": {
        "htmlhint": "^1.1.4",
        "live-server": "^1.2.2",
        "serve": "^14.2.1"
      }
    },
    "node_modules/htmlhint": {
      "version": "1.1.4",
      "resolved": "https://registry.npmjs.org/htmlhint/-/htmlhint-1.1.4.tgz",
      "integrity": "sha512-XDjzs3R3/9Y2YWnKGHMtPqSQSM7XRJZ9QSZA8LoCHALAb8OYDI9hLzF0O2ZhH6bnH7N1+RFD41vGMiWRmUFA==",
      "dev": true,
      "dependencies": {
        "htmlparser2": "^8.0.1"
      },
      "bin": {
        "htmlhint": "bin/htmlhint"
      },
      "engines": {
        "node": ">=12"
      }
    },
    "node_modules/htmlparser2": {
      "version": "8.0.2",
      "resolved": "https://registry.npmjs.org/htmlparser2/-/htmlparser2-8.0.2.tgz",
      "integrity": "sha512-GYdjWKDkbki6TwqgmKabj9bERmKmkK7HLv4vqaGQJyJiVEMCkzgUGFMqLW5KWvCkGzVkMnfvCQ/BFaE7CZjw==",
      "dev": true,
      "dependencies": {
        "domelementtype": "^2.3.0",
        "domhandler": "^5.0.3",
        "domutils": "^3.0.1",
        "entities": "^4.4.0"
      }
    },
    "node_modules/domelementtype": {
      "version": "2.3.0",
      "resolved": "https://registry.npmjs.org/domelementtype/-/domelementtype-2.3.0.tgz",
      "integrity": "sha512-OLETBj6w0OsagBwdXnPdN0cnMfF9opN69co+7ZrbfPGyfmnOwLqqyFnVvxW6BX5pu7w57F2F/4euvxuBjZBFw==",
      "dev": true
    },
    "node_modules/domhandler": {
      "version": "5.0.3",
      "resolved": "https://registry.npmjs.org/domhandler/-/domhandler-5.0.3.tgz",
      "integrity": "sha512-cgwlv/1iFQiFnU96XXgROh8xTeetsnJiDsTc7TYCLFd9+/WNkIqJ6cIy1jAaejo4RNfOEa65EmZLupoeFnQpQ==",
      "dev": true,
      "dependencies": {
        "domelementtype": "^2.3.0"
      },
      "engines": {
        "node": ">= 4"
      }
    },
    "node_modules/domutils": {
      "version": "3.1.0",
      "resolved": "https://registry.npmjs.org/domutils/-/domutils-3.1.0.tgz",
      "integrity": "sha512-H78uMmQtI2AhgDJjWeQmHwJJ2bLPD3GMmO7Zja/ZZh84wkm+4ut+IqUAlmKRpONuhje7L9vwDC6y6PmX9rJ3A==",
      "dev": true,
      "dependencies": {
        "dom-serializer": "^2.0.0",
        "domelementtype": "^2.3.0",
        "domhandler": "^5.0.3"
      }
    },
    "node_modules/dom-serializer": {
      "version": "2.0.0",
      "resolved": "https://registry.npmjs.org/dom-serializer/-/dom-serializer-2.0.0.tgz",
      "integrity": "sha512-wIkAryiqt/nV5EQKqQpo3SToSOV9J0DnbJqwK7Wv/Trc92zIAYZ4FlMu+JPFW1DfGFt81ZTCGgDEabffXeLyQ==",
      "dev": true,
      "dependencies": {
        "domelementtype": "^2.3.0",
        "domhandler": "^5.0.3",
        "entities": "^4.2.0"
      }
    },
    "node_modules/entities": {
      "version": "4.5.0",
      "resolved": "https://registry.npmjs.org/entities/-/entities-4.5.0.tgz",
      "integrity": "sha512-V0hjH4dGPh9Ao5p0MoRY6BVqtwCjhz6vI5LT8AJ55H+4g9/4vbHx1I54fS0XuclLwDEepKqgaKaamVgtvsAAA==",
      "dev": true,
      "engines": {
        "node": ">=0.12"
      }
    },
    "node_modules/live-server": {
      "version": "1.2.2",
      "resolved": "https://registry.npmjs.org/live-server/-/live-server-1.2.2.tgz",
      "integrity": "sha512-dXBSKQVNBae6OSXAFJV5gyGDGPA5Y7kN+kYMQHFVRMCEqNpmPKHCvuBNXoZUZJfN8l8VRHVvfVQMEZ35rOrRA==",
      "dev": true,
      "dependencies": {
        "chokidar": "^3.0.0",
        "colors": "^1.4.0",
        "connect": "^3.6.6",
        "cors": "^2.8.4",
        "event-stream": "3.3.4",
        "faye-websocket": "^0.11.3",
        "http-auth": "^3.2.3",
        "morgan": "^1.9.1",
        "object-assign": "^4.1.1",
        "optimist": "^0.6.1",
        "send": "^0.16.2",
        "serve-index": "^1.9.1"
      },
      "bin": {
        "live-server": "bin/live-server.js"
      },
      "engines": {
        "node": ">=6"
      }
    },
    "node_modules/serve": {
      "version": "14.2.1",
      "resolved": "https://registry.npmjs.org/serve/-/serve-14.2.1.tgz",
      "integrity": "sha512-48er5fzHh90IFdRkGiKejqbkUP2TqWKKzNYJHB7BpA2FTKdNFzkyHwpFRj5QLr+VHa3o5sRP8Kz4xm5VqJDw==",
      "dev": true,
      "dependencies": {
        "@zeit/schemas": "^2.29.0",
        "ajv": "^8.11.0",
        "ajv-formats": "^2.1.1",
        "arg": "^5.0.2",
        "boxen": "^7.0.0",
        "chalk": "^5.0.1",
        "chalk-template": "^0.4.0",
        "clipboardy": "^3.0.0",
        "compression": "^1.7.4",
        "is-port-reachable": "^4.0.0",
        "serve-handler": "^6.1.5",
        "update-check": "^1.5.4"
      },
      "bin": {
        "serve": "bin/serve.js"
      },
      "engines": {
        "node": ">= 14"
      }
    },
    "node_modules/chokidar": {
      "version": "3.6.0",
      "resolved": "https://registry.npmjs.org/chokidar/-/chokidar-3.6.0.tgz",
      "integrity": "sha512-7VT13fmjotKpGipCW9JEQAusEPE+Ei8nl6/g4FBAmIm0GOOLMua9NDDo/DWp0ZAxCr3cPf5ZBR7S3oBpMFpXQ==",
      "dev": true,
      "dependencies": {
        "anymatch": "~3.1.2",
        "braces": "~3.0.2",
        "glob-parent": "~5.1.2",
        "is-binary-path": "~2.1.0",
        "is-glob": "~4.0.1",
        "normalize-path": "~3.0.0",
        "readdirp": "~3.6.0"
      },
      "engines": {
        "node": ">= 8.10.0"
      }
    },
    "node_modules/colors": {
      "version": "1.4.0",
      "resolved": "https://registry.npmjs.org/colors/-/colors-1.4.0.tgz",
      "integrity": "sha512-a+UqTh4kgZg/SlMvfK9DZSS9late2gGIo3b3JSPxo3Th0EKIv7cC5WBm3dYSGkTYCpGAFkfCxKB/JRrcTqb3w==",
      "dev": true,
      "engines": {
        "node": ">=0.1.90"
      }
    },
    "node_modules/ajv": {
      "version": "8.17.1",
      "resolved": "https://registry.npmjs.org/ajv/-/ajv-8.17.1.tgz",
      "integrity": "sha512-B/gBuNg5SiMTrPkC+A2+cW0RszwxYmn6VYxB/inlBStS5nx6xHIt/ehKRhIMhqusl7a8LjQoZnjCs5vhwxOQ1g==",
      "dev": true,
      "dependencies": {
        "fast-deep-equal": "^3.1.3",
        "fast-uri": "^3.0.1",
        "json-schema-traverse": "^1.0.0",
        "require-from-string": "^2.0.2"
      }
    },
    "node_modules/arg": {
      "version": "5.0.2",
      "resolved": "https://registry.npmjs.org/arg/-/arg-5.0.2.tgz",
      "integrity": "sha512-PYjyFOLKQ9y57JvQ6QLo8dAgNqswh8M1RMJYdQduT6xbWSRlOVoRkjh0jPqHAH7kfOVCuVf4Hk7z7yE2IA6A==",
      "dev": true
    },
    "node_modules/chalk": {
      "version": "5.3.0",
      "resolved": "https://registry.npmjs.org/chalk/-/chalk-5.3.0.tgz",
      "integrity": "sha512-dLitG79d+GV1Nb/VYcCDFivJeK1hiukt9QjRNVOsUtTy1rR1YJsmpGGTZ3qJos+uw7WmWF4wUwBd9jxjocFC2w==",
      "dev": true,
      "engines": {
        "node": "^12.17.0 || ^14.13 || >=16.0.0"
      }
    },
    "node_modules/compression": {
      "version": "1.7.4",
      "resolved": "https://registry.npmjs.org/compression/-/compression-1.7.4.tgz",
      "integrity": "sha512-jaSqqbQpAe7szkvEMKyQxpM4gbIlM9isqPqEhdlmXLpVlDXUES4D4Hs5tFpiwhTbuOhGG1bSMGikjHoWabEkQ==",
      "dev": true,
      "dependencies": {
        "accepts": "~1.3.5",
        "bytes": "3.0.0",
        "compressible": "~2.0.16",
        "debug": "2.6.9",
        "on-headers": "~1.0.2",
        "safe-buffer": "5.1.2",
        "vary": "~1.1.2"
      },
      "engines": {
        "node": ">= 0.8.0"
      }
    },
    "node_modules/serve-handler": {
      "version": "6.1.5",
      "resolved": "https://registry.npmjs.org/serve-handler/-/serve-handler-6.1.5.tgz",
      "integrity": "sha512-ijPFle6Hwe8zfmBxJdE+5fta53fdIY0lHISJvuikXB3VYFafRjMRpOffSPvCjccnDTSNPAHAgbkCvLJml0Zbt==",
      "dev": true,
      "dependencies": {
        "bytes": "3.0.0",
        "content-disposition": "^0.5.2",
        "fast-url-parser": "1.1.3",
        "mime-types": "2.1.18",
        "minimatch": "3.1.2",
        "path-is-inside": "1.0.2",
        "path-to-regexp": "0.1.7",
        "range-parser": "1.2.0"
      }
    }
  }
}
